
Microsoft Visual Studio Solution File, Format Version 12.00
# Visual Studio Version 17
VisualStudioVersion = 17.3.32922.545
MinimumVisualStudioVersion = 10.0.40219.1
Project("{FAE04EC0-301F-11D3-BF4B-00C04F79EFBC}") = "HW070223", "HW070223\HW070223.csproj", "{5EB50518-1F47-49F2-A2A5-A5869760492A}"
EndProject
Global
	GlobalSection(SolutionConfigurationPlatforms) = preSolution
		Debug|Any CPU = Debug|Any CPU
		Release|Any CPU = Release|Any CPU
	EndGlobalSection
	GlobalSection(ProjectConfigurationPlatforms) = postSolution
		{5EB50518-1F47-49F2-A2A5-A5869760492A}.Debug|Any CPU.ActiveCfg = Debug|Any CPU
		{5EB50518-1F47-49F2-A2A5-A5869760492A}.Debug|Any CPU.Build.0 = Debug|Any CPU
		{5EB50518-1F47-49F2-A2A5-A5869760492A}.Release|Any CPU.ActiveCfg = Release|Any CPU
		{5EB50518-1F47-49F2-A2A5-A5869760492A}.Release|Any CPU.Build.0 = Release|Any CPU
	EndGlobalSection
	GlobalSection(SolutionProperties) = preSolution
		HideSolutionNode = FALSE
	EndGlobalSection
	GlobalSection(ExtensibilityGlobals) = postSolution
		SolutionGuid = {C1F9D6CD-7B6B-4936-B16F-F98803C8E21F}
	EndGlobalSection
EndGlobal
